
Microsoft Visual Studio Solution File, Format Version 12.00
# Visual Studio Version 16
VisualStudioVersion = 16.0.31729.503
MinimumVisualStudioVersion = 10.0.40219.1
Project("{9A19103F-16F7-4668-BE54-9A1E7A4F7556}") = "FarmaceuticaBack", "..\FarmaceuticaBack\FarmaceuticaBack.csproj", "{B9FAB18E-290F-4962-9C9C-7129F638081D}"
EndProject
Project("{9A19103F-16F7-4668-BE54-9A1E7A4F7556}") = "FarmaceuticaWepApi", "..\FarmaceuticaWepApi\FarmaceuticaWepApi.csproj", "{F58B7544-3AAD-4F15-941C-F17D8AA037DE}"
EndProject
Project("{9A19103F-16F7-4668-BE54-9A1E7A4F7556}") = "FarmaceuticaFront", "..\FarmaceuticaFront\FarmaceuticaFront.csproj", "{20494FCA-9451-4DB2-B7FC-F1CCE3E5B6F8}"
EndProject
Global
	GlobalSection(SolutionConfigurationPlatforms) = preSolution
		Debug|Any CPU = Debug|Any CPU
		Release|Any CPU = Release|Any CPU
	EndGlobalSection
	GlobalSection(ProjectConfigurationPlatforms) = postSolution
		{B9FAB18E-290F-4962-9C9C-7129F638081D}.Debug|Any CPU.ActiveCfg = Debug|Any CPU
		{B9FAB18E-290F-4962-9C9C-7129F638081D}.Debug|Any CPU.Build.0 = Debug|Any CPU
		{B9FAB18E-290F-4962-9C9C-7129F638081D}.Release|Any CPU.ActiveCfg = Release|Any CPU
		{B9FAB18E-290F-4962-9C9C-7129F638081D}.Release|Any CPU.Build.0 = Release|Any CPU
		{F58B7544-3AAD-4F15-941C-F17D8AA037DE}.Debug|Any CPU.ActiveCfg = Debug|Any CPU
		{F58B7544-3AAD-4F15-941C-F17D8AA037DE}.Debug|Any CPU.Build.0 = Debug|Any CPU
		{F58B7544-3AAD-4F15-941C-F17D8AA037DE}.Release|Any CPU.ActiveCfg = Release|Any CPU
		{F58B7544-3AAD-4F15-941C-F17D8AA037DE}.Release|Any CPU.Build.0 = Release|Any CPU
		{20494FCA-9451-4DB2-B7FC-F1CCE3E5B6F8}.Debug|Any CPU.ActiveCfg = Debug|Any CPU
		{20494FCA-9451-4DB2-B7FC-F1CCE3E5B6F8}.Debug|Any CPU.Build.0 = Debug|Any CPU
		{20494FCA-9451-4DB2-B7FC-F1CCE3E5B6F8}.Release|Any CPU.ActiveCfg = Release|Any CPU
		{20494FCA-9451-4DB2-B7FC-F1CCE3E5B6F8}.Release|Any CPU.Build.0 = Release|Any CPU
	EndGlobalSection
	GlobalSection(SolutionProperties) = preSolution
		HideSolutionNode = FALSE
	EndGlobalSection
	GlobalSection(ExtensibilityGlobals) = postSolution
		SolutionGuid = {8DE0E3F4-118C-4788-AEC5-5A05D09F8633}
	EndGlobalSection
EndGlobal
